
Microsoft Visual Studio Solution File, Format Version 12.00
# Visual Studio Version 17
VisualStudioVersion = 17.11.35222.181
MinimumVisualStudioVersion = 10.0.40219.1
Project("{FAE04EC0-301F-11D3-BF4B-00C04F79EFBC}") = "EXAMENPARCIAL_SOTO", "EXAMENPARCIAL_SOTO\EXAMENPARCIAL_SOTO.csproj", "{7DD71FC4-88E8-431F-B9F9-7FD13B366084}"
EndProject
Project("{FAE04EC0-301F-11D3-BF4B-00C04F79EFBC}") = "EXAMENPARCIAL_SOTO.DOMAIN", "EXAMENPARCIAL_SOTO.DOMAIN\EXAMENPARCIAL_SOTO.DOMAIN.csproj", "{2CA30EA9-495E-4203-985A-FA1DE7B88E4F}"
EndProject
Global
	GlobalSection(SolutionConfigurationPlatforms) = preSolution
		Debug|Any CPU = Debug|Any CPU
		Release|Any CPU = Release|Any CPU
	EndGlobalSection
	GlobalSection(ProjectConfigurationPlatforms) = postSolution
		{7DD71FC4-88E8-431F-B9F9-7FD13B366084}.Debug|Any CPU.ActiveCfg = Debug|Any CPU
		{7DD71FC4-88E8-431F-B9F9-7FD13B366084}.Debug|Any CPU.Build.0 = Debug|Any CPU
		{7DD71FC4-88E8-431F-B9F9-7FD13B366084}.Release|Any CPU.ActiveCfg = Release|Any CPU
		{7DD71FC4-88E8-431F-B9F9-7FD13B366084}.Release|Any CPU.Build.0 = Release|Any CPU
		{2CA30EA9-495E-4203-985A-FA1DE7B88E4F}.Debug|Any CPU.ActiveCfg = Debug|Any CPU
		{2CA30EA9-495E-4203-985A-FA1DE7B88E4F}.Debug|Any CPU.Build.0 = Debug|Any CPU
		{2CA30EA9-495E-4203-985A-FA1DE7B88E4F}.Release|Any CPU.ActiveCfg = Release|Any CPU
		{2CA30EA9-495E-4203-985A-FA1DE7B88E4F}.Release|Any CPU.Build.0 = Release|Any CPU
	EndGlobalSection
	GlobalSection(SolutionProperties) = preSolution
		HideSolutionNode = FALSE
	EndGlobalSection
	GlobalSection(ExtensibilityGlobals) = postSolution
		SolutionGuid = {B8A3B8DC-3803-4D21-98AE-03A0D0D62442}
	EndGlobalSection
EndGlobal
